
Microsoft Visual Studio Solution File, Format Version 12.00
# Visual Studio Version 17
VisualStudioVersion = 17.8.34309.116
MinimumVisualStudioVersion = 10.0.40219.1
Project("{FAE04EC0-301F-11D3-BF4B-00C04F79EFBC}") = "Lab11-12", "Lab11-12\Lab11-12.csproj", "{57FBD616-9EEA-4B32-8013-19D6B33A4D96}"
EndProject
Global
	GlobalSection(SolutionConfigurationPlatforms) = preSolution
		Debug|Any CPU = Debug|Any CPU
		Release|Any CPU = Release|Any CPU
	EndGlobalSection
	GlobalSection(ProjectConfigurationPlatforms) = postSolution
		{57FBD616-9EEA-4B32-8013-19D6B33A4D96}.Debug|Any CPU.ActiveCfg = Debug|Any CPU
		{57FBD616-9EEA-4B32-8013-19D6B33A4D96}.Debug|Any CPU.Build.0 = Debug|Any CPU
		{57FBD616-9EEA-4B32-8013-19D6B33A4D96}.Release|Any CPU.ActiveCfg = Release|Any CPU
		{57FBD616-9EEA-4B32-8013-19D6B33A4D96}.Release|Any CPU.Build.0 = Release|Any CPU
	EndGlobalSection
	GlobalSection(SolutionProperties) = preSolution
		HideSolutionNode = FALSE
	EndGlobalSection
	GlobalSection(ExtensibilityGlobals) = postSolution
		SolutionGuid = {8AB682A3-C252-4D34-BCAF-CE97281717F2}
	EndGlobalSection
EndGlobal
