
Microsoft Visual Studio Solution File, Format Version 12.00
# Visual Studio Version 17
VisualStudioVersion = 17.7.34024.191
MinimumVisualStudioVersion = 10.0.40219.1
Project("{9A19103F-16F7-4668-BE54-9A1E7A4F7556}") = "GoogleCloud", "GoogleCloudTests\GoogleCloud.csproj", "{ED21BFC2-D7C4-4BDD-B8B5-E8C4D553848F}"
EndProject
Project("{9A19103F-16F7-4668-BE54-9A1E7A4F7556}") = "PasteBinTests", "PasteBinTests\PasteBinTests.csproj", "{CD5EB159-93CF-46D0-91B8-405A75320DEB}"
EndProject
Global
	GlobalSection(SolutionConfigurationPlatforms) = preSolution
		Debug|Any CPU = Debug|Any CPU
		Release|Any CPU = Release|Any CPU
	EndGlobalSection
	GlobalSection(ProjectConfigurationPlatforms) = postSolution
		{ED21BFC2-D7C4-4BDD-B8B5-E8C4D553848F}.Debug|Any CPU.ActiveCfg = Debug|Any CPU
		{ED21BFC2-D7C4-4BDD-B8B5-E8C4D553848F}.Debug|Any CPU.Build.0 = Debug|Any CPU
		{ED21BFC2-D7C4-4BDD-B8B5-E8C4D553848F}.Release|Any CPU.ActiveCfg = Release|Any CPU
		{ED21BFC2-D7C4-4BDD-B8B5-E8C4D553848F}.Release|Any CPU.Build.0 = Release|Any CPU
		{CD5EB159-93CF-46D0-91B8-405A75320DEB}.Debug|Any CPU.ActiveCfg = Debug|Any CPU
		{CD5EB159-93CF-46D0-91B8-405A75320DEB}.Debug|Any CPU.Build.0 = Debug|Any CPU
		{CD5EB159-93CF-46D0-91B8-405A75320DEB}.Release|Any CPU.ActiveCfg = Release|Any CPU
		{CD5EB159-93CF-46D0-91B8-405A75320DEB}.Release|Any CPU.Build.0 = Release|Any CPU
	EndGlobalSection
	GlobalSection(SolutionProperties) = preSolution
		HideSolutionNode = FALSE
	EndGlobalSection
	GlobalSection(ExtensibilityGlobals) = postSolution
		SolutionGuid = {9D7630FE-35E9-429A-9E18-C0205AD10CFB}
	EndGlobalSection
EndGlobal
